
Microsoft Visual Studio Solution File, Format Version 12.00
# Visual Studio Version 17
VisualStudioVersion = 17.10.35122.118
MinimumVisualStudioVersion = 10.0.40219.1
Project("{8BC9CEB8-8B4A-11D0-8D11-00A0C91BC942}") = "job-02", "job-02.vcxproj", "{44AAF779-ECD8-4818-B68F-1DA841E8186E}"
EndProject
Global
	GlobalSection(SolutionConfigurationPlatforms) = preSolution
		Debug|x64 = Debug|x64
		Debug|x86 = Debug|x86
		Release|x64 = Release|x64
		Release|x86 = Release|x86
	EndGlobalSection
	GlobalSection(ProjectConfigurationPlatforms) = postSolution
		{44AAF779-ECD8-4818-B68F-1DA841E8186E}.Debug|x64.ActiveCfg = Debug|x64
		{44AAF779-ECD8-4818-B68F-1DA841E8186E}.Debug|x64.Build.0 = Debug|x64
		{44AAF779-ECD8-4818-B68F-1DA841E8186E}.Debug|x86.ActiveCfg = Debug|Win32
		{44AAF779-ECD8-4818-B68F-1DA841E8186E}.Debug|x86.Build.0 = Debug|Win32
		{44AAF779-ECD8-4818-B68F-1DA841E8186E}.Release|x64.ActiveCfg = Release|x64
		{44AAF779-ECD8-4818-B68F-1DA841E8186E}.Release|x64.Build.0 = Release|x64
		{44AAF779-ECD8-4818-B68F-1DA841E8186E}.Release|x86.ActiveCfg = Release|Win32
		{44AAF779-ECD8-4818-B68F-1DA841E8186E}.Release|x86.Build.0 = Release|Win32
	EndGlobalSection
	GlobalSection(SolutionProperties) = preSolution
		HideSolutionNode = FALSE
	EndGlobalSection
	GlobalSection(ExtensibilityGlobals) = postSolution
		SolutionGuid = {CDAB9C99-14B2-40C1-8931-2E5C7F820DEA}
	EndGlobalSection
EndGlobal
